// !$*UTF8*$!
{
	archiveVersion = 1;
	classes = {
	};
	objectVersion = 50;
	objects = {

/* Begin PBXBuildFile section */
		306360B3D6586A04E3F609BA /* Pods_versi_app_devlops.framework in Frameworks */ = {isa = PBXBuildFile; fileRef = FC2D9F6950F006A80921B2DD /* Pods_versi_app_devlops.framework */; };
		FA55F225222086DE0096D738 /* Constantes.swift in Sources */ = {isa = PBXBuildFile; fileRef = FA55F224222086DE0096D738 /* Constantes.swift */; };
		FA55F227222088850096D738 /* DownloadService.swift in Sources */ = {isa = PBXBuildFile; fileRef = FA55F226222088850096D738 /* DownloadService.swift */; };
		FA57AD1A221052D300D53F69 /* AppDelegate.swift in Sources */ = {isa = PBXBuildFile; fileRef = FA57AD19221052D300D53F69 /* AppDelegate.swift */; };
		FA57AD1C221052D300D53F69 /* TrendingFeedVc.swift in Sources */ = {isa = PBXBuildFile; fileRef = FA57AD1B221052D300D53F69 /* TrendingFeedVc.swift */; };
		FA57AD1F221052D300D53F69 /* Main.storyboard in Resources */ = {isa = PBXBuildFile; fileRef = FA57AD1D221052D300D53F69 /* Main.storyboard */; };
		FA57AD21221052D400D53F69 /* Assets.xcassets in Resources */ = {isa = PBXBuildFile; fileRef = FA57AD20221052D400D53F69 /* Assets.xcassets */; };
		FA57AD24221052D400D53F69 /* LaunchScreen.storyboard in Resources */ = {isa = PBXBuildFile; fileRef = FA57AD22221052D400D53F69 /* LaunchScreen.storyboard */; };
		FA57AD2F22105DF400D53F69 /* SearchVC.swift in Sources */ = {isa = PBXBuildFile; fileRef = FA57AD2E22105DF400D53F69 /* SearchVC.swift */; };
		FA57AD3122106E5D00D53F69 /* RoundedBorderButton.swift in Sources */ = {isa = PBXBuildFile; fileRef = FA57AD3022106E5D00D53F69 /* RoundedBorderButton.swift */; };
		FA57AD3322106FBB00D53F69 /* RoundedBorderTextField.swift in Sources */ = {isa = PBXBuildFile; fileRef = FA57AD3222106FBB00D53F69 /* RoundedBorderTextField.swift */; };
		FA6B5E572222C3970067072B /* SearchCell.swift in Sources */ = {isa = PBXBuildFile; fileRef = FA6B5E562222C3970067072B /* SearchCell.swift */; };
		FAA495D62211FCAB00DF1692 /* Repo.swift in Sources */ = {isa = PBXBuildFile; fileRef = FAA495D52211FCAB00DF1692 /* Repo.swift */; };
		FAA495D82212001100DF1692 /* TrendingRepoCellTableViewCell.swift in Sources */ = {isa = PBXBuildFile; fileRef = FAA495D72212001100DF1692 /* TrendingRepoCellTableViewCell.swift */; };
/* End PBXBuildFile section */

/* Begin PBXFileReference section */
		BE3B866E84A7F64CA779F412 /* Pods-versi-app-devlops.release.xcconfig */ = {isa = PBXFileReference; includeInIndex = 1; lastKnownFileType = text.xcconfig; name = "Pods-versi-app-devlops.release.xcconfig"; path = "Pods/Target Support Files/Pods-versi-app-devlops/Pods-versi-app-devlops.release.xcconfig"; sourceTree = "<group>"; };
		C2C0DDD3007E3C8BF53EC134 /* Pods-versi-app-devlops.debug.xcconfig */ = {isa = PBXFileReference; includeInIndex = 1; lastKnownFileType = text.xcconfig; name = "Pods-versi-app-devlops.debug.xcconfig"; path = "Pods/Target Support Files/Pods-versi-app-devlops/Pods-versi-app-devlops.debug.xcconfig"; sourceTree = "<group>"; };
		FA55F224222086DE0096D738 /* Constantes.swift */ = {isa = PBXFileReference; lastKnownFileType = sourcecode.swift; path = Constantes.swift; sourceTree = "<group>"; };
		FA55F226222088850096D738 /* DownloadService.swift */ = {isa = PBXFileReference; lastKnownFileType = sourcecode.swift; path = DownloadService.swift; sourceTree = "<group>"; };
		FA57AD16221052D300D53F69 /* versi-app-devlops.app */ = {isa = PBXFileReference; explicitFileType = wrapper.application; includeInIndex = 0; path = "versi-app-devlops.app"; sourceTree = BUILT_PRODUCTS_DIR; };
		FA57AD19221052D300D53F69 /* AppDelegate.swift */ = {isa = PBXFileReference; lastKnownFileType = sourcecode.swift; path = AppDelegate.swift; sourceTree = "<group>"; };
		FA57AD1B221052D300D53F69 /* TrendingFeedVc.swift */ = {isa = PBXFileReference; lastKnownFileType = sourcecode.swift; path = TrendingFeedVc.swift; sourceTree = "<group>"; };
		FA57AD1E221052D300D53F69 /* Base */ = {isa = PBXFileReference; lastKnownFileType = file.storyboard; name = Base; path = Base.lproj/Main.storyboard; sourceTree = "<group>"; };
		FA57AD20221052D400D53F69 /* Assets.xcassets */ = {isa = PBXFileReference; lastKnownFileType = folder.assetcatalog; path = Assets.xcassets; sourceTree = "<group>"; };
		FA57AD23221052D400D53F69 /* Base */ = {isa = PBXFileReference; lastKnownFileType = file.storyboard; name = Base; path = Base.lproj/LaunchScreen.storyboard; sourceTree = "<group>"; };
		FA57AD25221052D400D53F69 /* Info.plist */ = {isa = PBXFileReference; lastKnownFileType = text.plist.xml; path = Info.plist; sourceTree = "<group>"; };
		FA57AD2E22105DF400D53F69 /* SearchVC.swift */ = {isa = PBXFileReference; lastKnownFileType = sourcecode.swift; path = SearchVC.swift; sourceTree = "<group>"; };
		FA57AD3022106E5D00D53F69 /* RoundedBorderButton.swift */ = {isa = PBXFileReference; lastKnownFileType = sourcecode.swift; path = RoundedBorderButton.swift; sourceTree = "<group>"; };
		FA57AD3222106FBB00D53F69 /* RoundedBorderTextField.swift */ = {isa = PBXFileReference; lastKnownFileType = sourcecode.swift; path = RoundedBorderTextField.swift; sourceTree = "<group>"; };
		FA6B5E562222C3970067072B /* SearchCell.swift */ = {isa = PBXFileReference; lastKnownFileType = sourcecode.swift; path = SearchCell.swift; sourceTree = "<group>"; };
		FAA495D52211FCAB00DF1692 /* Repo.swift */ = {isa = PBXFileReference; lastKnownFileType = sourcecode.swift; path = Repo.swift; sourceTree = "<group>"; };
		FAA495D72212001100DF1692 /* TrendingRepoCellTableViewCell.swift */ = {isa = PBXFileReference; lastKnownFileType = sourcecode.swift; path = TrendingRepoCellTableViewCell.swift; sourceTree = "<group>"; };
		FC2D9F6950F006A80921B2DD /* Pods_versi_app_devlops.framework */ = {isa = PBXFileReference; explicitFileType = wrapper.framework; includeInIndex = 0; path = Pods_versi_app_devlops.framework; sourceTree = BUILT_PRODUCTS_DIR; };
/* End PBXFileReference section */

/* Begin PBXFrameworksBuildPhase section */
		FA57AD13221052D300D53F69 /* Frameworks */ = {
			isa = PBXFrameworksBuildPhase;
			buildActionMask = 2147483647;
			files = (
				306360B3D6586A04E3F609BA /* Pods_versi_app_devlops.framework in Frameworks */,
			);
			runOnlyForDeploymentPostprocessing = 0;
		};
/* End PBXFrameworksBuildPhase section */

/* Begin PBXGroup section */
		8C1A09AFB77AD29BB52A1717 /* Pods */ = {
			isa = PBXGroup;
			children = (
				C2C0DDD3007E3C8BF53EC134 /* Pods-versi-app-devlops.debug.xcconfig */,
				BE3B866E84A7F64CA779F412 /* Pods-versi-app-devlops.release.xcconfig */,
			);
			name = Pods;
			sourceTree = "<group>";
		};
		C58DB40C504B14E2E20CA29A /* Frameworks */ = {
			isa = PBXGroup;
			children = (
				FC2D9F6950F006A80921B2DD /* Pods_versi_app_devlops.framework */,
			);
			name = Frameworks;
			sourceTree = "<group>";
		};
		FA55F222222086990096D738 /* Services */ = {
			isa = PBXGroup;
			children = (
				FA55F226222088850096D738 /* DownloadService.swift */,
			);
			path = Services;
			sourceTree = "<group>";
		};
		FA55F223222086A10096D738 /* Utilities */ = {
			isa = PBXGroup;
			children = (
				FA55F224222086DE0096D738 /* Constantes.swift */,
			);
			path = Utilities;
			sourceTree = "<group>";
		};
		FA57AD0D221052D300D53F69 = {
			isa = PBXGroup;
			children = (
				FA57AD18221052D300D53F69 /* versi-app-devlops */,
				FA57AD17221052D300D53F69 /* Products */,
				8C1A09AFB77AD29BB52A1717 /* Pods */,
				C58DB40C504B14E2E20CA29A /* Frameworks */,
			);
			sourceTree = "<group>";
		};
		FA57AD17221052D300D53F69 /* Products */ = {
			isa = PBXGroup;
			children = (
				FA57AD16221052D300D53F69 /* versi-app-devlops.app */,
			);
			name = Products;
			sourceTree = "<group>";
		};
		FA57AD18221052D300D53F69 /* versi-app-devlops */ = {
			isa = PBXGroup;
			children = (
				FA55F223222086A10096D738 /* Utilities */,
				FA55F222222086990096D738 /* Services */,
				FA57AD2D2210532E00D53F69 /* Views */,
				FA57AD2C2210532200D53F69 /* Models */,
				FA57AD2B2210530800D53F69 /* Controllers */,
				FA57AD19221052D300D53F69 /* AppDelegate.swift */,
				FA57AD1D221052D300D53F69 /* Main.storyboard */,
				FA57AD20221052D400D53F69 /* Assets.xcassets */,
				FA57AD22221052D400D53F69 /* LaunchScreen.storyboard */,
				FA57AD25221052D400D53F69 /* Info.plist */,
			);
			path = "versi-app-devlops";
			sourceTree = "<group>";
		};
		FA57AD2B2210530800D53F69 /* Controllers */ = {
			isa = PBXGroup;
			children = (
				FA57AD1B221052D300D53F69 /* TrendingFeedVc.swift */,
				FA57AD2E22105DF400D53F69 /* SearchVC.swift */,
			);
			path = Controllers;
			sourceTree = "<group>";
		};
		FA57AD2C2210532200D53F69 /* Models */ = {
			isa = PBXGroup;
			children = (
				FAA495D52211FCAB00DF1692 /* Repo.swift */,
			);
			path = Models;
			sourceTree = "<group>";
		};
		FA57AD2D2210532E00D53F69 /* Views */ = {
			isa = PBXGroup;
			children = (
				FA57AD3022106E5D00D53F69 /* RoundedBorderButton.swift */,
				FA57AD3222106FBB00D53F69 /* RoundedBorderTextField.swift */,
				FAA495D72212001100DF1692 /* TrendingRepoCellTableViewCell.swift */,
				FA6B5E562222C3970067072B /* SearchCell.swift */,
			);
			path = Views;
			sourceTree = "<group>";
		};
/* End PBXGroup section */

/* Begin PBXNativeTarget section */
		FA57AD15221052D300D53F69 /* versi-app-devlops */ = {
			isa = PBXNativeTarget;
			buildConfigurationList = FA57AD28221052D400D53F69 /* Build configuration list for PBXNativeTarget "versi-app-devlops" */;
			buildPhases = (
				6495E51135758B388D477D69 /* [CP] Check Pods Manifest.lock */,
				FA57AD12221052D300D53F69 /* Sources */,
				FA57AD13221052D300D53F69 /* Frameworks */,
				FA57AD14221052D300D53F69 /* Resources */,
				1D6F0F7FD1FF9B4110BBEE29 /* [CP] Embed Pods Frameworks */,
			);
			buildRules = (
			);
			dependencies = (
			);
			name = "versi-app-devlops";
			productName = "versi-app-devlops";
			productReference = FA57AD16221052D300D53F69 /* versi-app-devlops.app */;
			productType = "com.apple.product-type.application";
		};
/* End PBXNativeTarget section */

/* Begin PBXProject section */
		FA57AD0E221052D300D53F69 /* Project object */ = {
			isa = PBXProject;
			attributes = {
				LastSwiftUpdateCheck = 1010;
				LastUpgradeCheck = 1010;
				ORGANIZATIONNAME = "Walid Sassi";
				TargetAttributes = {
					FA57AD15221052D300D53F69 = {
						CreatedOnToolsVersion = 10.1;
					};
				};
			};
			buildConfigurationList = FA57AD11221052D300D53F69 /* Build configuration list for PBXProject "versi-app-devlops" */;
			compatibilityVersion = "Xcode 9.3";
			developmentRegion = en;
			hasScannedForEncodings = 0;
			knownRegions = (
				en,
				Base,
			);
			mainGroup = FA57AD0D221052D300D53F69;
			productRefGroup = FA57AD17221052D300D53F69 /* Products */;
			projectDirPath = "";
			projectRoot = "";
			targets = (
				FA57AD15221052D300D53F69 /* versi-app-devlops */,
			);
		};
/* End PBXProject section */

/* Begin PBXResourcesBuildPhase section */
		FA57AD14221052D300D53F69 /* Resources */ = {
			isa = PBXResourcesBuildPhase;
			buildActionMask = 2147483647;
			files = (
				FA57AD24221052D400D53F69 /* LaunchScreen.storyboard in Resources */,
				FA57AD21221052D400D53F69 /* Assets.xcassets in Resources */,
				FA57AD1F221052D300D53F69 /* Main.storyboard in Resources */,
			);
			runOnlyForDeploymentPostprocessing = 0;
		};
/* End PBXResourcesBuildPhase section */

/* Begin PBXShellScriptBuildPhase section */
		1D6F0F7FD1FF9B4110BBEE29 /* [CP] Embed Pods Frameworks */ = {
			isa = PBXShellScriptBuildPhase;
			buildActionMask = 2147483647;
			files = (
			);
			inputPaths = (
				"${SRCROOT}/Pods/Target Support Files/Pods-versi-app-devlops/Pods-versi-app-devlops-frameworks.sh",
				"${BUILT_PRODUCTS_DIR}/Alamofire/Alamofire.framework",
				"${BUILT_PRODUCTS_DIR}/AlamofireImage/AlamofireImage.framework",
				"${BUILT_PRODUCTS_DIR}/RxAtomic/RxAtomic.framework",
				"${BUILT_PRODUCTS_DIR}/RxCocoa/RxCocoa.framework",
				"${BUILT_PRODUCTS_DIR}/RxSwift/RxSwift.framework",
			);
			name = "[CP] Embed Pods Frameworks";
			outputPaths = (
				"${TARGET_BUILD_DIR}/${FRAMEWORKS_FOLDER_PATH}/Alamofire.framework",
				"${TARGET_BUILD_DIR}/${FRAMEWORKS_FOLDER_PATH}/AlamofireImage.framework",
				"${TARGET_BUILD_DIR}/${FRAMEWORKS_FOLDER_PATH}/RxAtomic.framework",
				"${TARGET_BUILD_DIR}/${FRAMEWORKS_FOLDER_PATH}/RxCocoa.framework",
				"${TARGET_BUILD_DIR}/${FRAMEWORKS_FOLDER_PATH}/RxSwift.framework",
			);
			runOnlyForDeploymentPostprocessing = 0;
			shellPath = /bin/sh;
			shellScript = "\"${SRCROOT}/Pods/Target Support Files/Pods-versi-app-devlops/Pods-versi-app-devlops-frameworks.sh\"\n";
			showEnvVarsInLog = 0;
		};
		6495E51135758B388D477D69 /* [CP] Check Pods Manifest.lock */ = {
			isa = PBXShellScriptBuildPhase;
			buildActionMask = 2147483647;
			files = (
			);
			inputPaths = (
				"${PODS_PODFILE_DIR_PATH}/Podfile.lock",
				"${PODS_ROOT}/Manifest.lock",
			);
			name = "[CP] Check Pods Manifest.lock";
			outputPaths = (
				"$(DERIVED_FILE_DIR)/Pods-versi-app-devlops-checkManifestLockResult.txt",
			);
			runOnlyForDeploymentPostprocessing = 0;
			shellPath = /bin/sh;
			shellScript = "diff \"${PODS_PODFILE_DIR_PATH}/Podfile.lock\" \"${PODS_ROOT}/Manifest.lock\" > /dev/null\nif [ $? != 0 ] ; then\n    # print error to STDERR\n    echo \"error: The sandbox is not in sync with the Podfile.lock. Run 'pod install' or update your CocoaPods installation.\" >&2\n    exit 1\nfi\n# This output is used by Xcode 'outputs' to avoid re-running this script phase.\necho \"SUCCESS\" > \"${SCRIPT_OUTPUT_FILE_0}\"\n";
			showEnvVarsInLog = 0;
		};
/* End PBXShellScriptBuildPhase section */

/* Begin PBXSourcesBuildPhase section */
		FA57AD12221052D300D53F69 /* Sources */ = {
			isa = PBXSourcesBuildPhase;
			buildActionMask = 2147483647;
			files = (
				FA57AD2F22105DF400D53F69 /* SearchVC.swift in Sources */,
				FA6B5E572222C3970067072B /* SearchCell.swift in Sources */,
				FA57AD3322106FBB00D53F69 /* RoundedBorderTextField.swift in Sources */,
				FA57AD1C221052D300D53F69 /* TrendingFeedVc.swift in Sources */,
				FAA495D62211FCAB00DF1692 /* Repo.swift in Sources */,
				FAA495D82212001100DF1692 /* TrendingRepoCellTableViewCell.swift in Sources */,
				FA55F225222086DE0096D738 /* Constantes.swift in Sources */,
				FA57AD1A221052D300D53F69 /* AppDelegate.swift in Sources */,
				FA57AD3122106E5D00D53F69 /* RoundedBorderButton.swift in Sources */,
				FA55F227222088850096D738 /* DownloadService.swift in Sources */,
			);
			runOnlyForDeploymentPostprocessing = 0;
		};
/* End PBXSourcesBuildPhase section */

/* Begin PBXVariantGroup section */
		FA57AD1D221052D300D53F69 /* Main.storyboard */ = {
			isa = PBXVariantGroup;
			children = (
				FA57AD1E221052D300D53F69 /* Base */,
			);
			name = Main.storyboard;
			sourceTree = "<group>";
		};
		FA57AD22221052D400D53F69 /* LaunchScreen.storyboard */ = {
			isa = PBXVariantGroup;
			children = (
				FA57AD23221052D400D53F69 /* Base */,
			);
			name = LaunchScreen.storyboard;
			sourceTree = "<group>";
		};
/* End PBXVariantGroup section */

/* Begin XCBuildConfiguration section */
		FA57AD26221052D400D53F69 /* Debug */ = {
			isa = XCBuildConfiguration;
			buildSettings = {
				ALWAYS_SEARCH_USER_PATHS = NO;
				CLANG_ANALYZER_NONNULL = YES;
				CLANG_ANALYZER_NUMBER_OBJECT_CONVERSION = YES_AGGRESSIVE;
				CLANG_CXX_LANGUAGE_STANDARD = "gnu++14";
				CLANG_CXX_LIBRARY = "libc++";
				CLANG_ENABLE_MODULES = YES;
				CLANG_ENABLE_OBJC_ARC = YES;
				CLANG_ENABLE_OBJC_WEAK = YES;
				CLANG_WARN_BLOCK_CAPTURE_AUTORELEASING = YES;
				CLANG_WARN_BOOL_CONVERSION = YES;
				CLANG_WARN_COMMA = YES;
				CLANG_WARN_CONSTANT_CONVERSION = YES;
				CLANG_WARN_DEPRECATED_OBJC_IMPLEMENTATIONS = YES;
				CLANG_WARN_DIRECT_OBJC_ISA_USAGE = YES_ERROR;
				CLANG_WARN_DOCUMENTATION_COMMENTS = YES;
				CLANG_WARN_EMPTY_BODY = YES;
				CLANG_WARN_ENUM_CONVERSION = YES;
				CLANG_WARN_INFINITE_RECURSION = YES;
				CLANG_WARN_INT_CONVERSION = YES;
				CLANG_WARN_NON_LITERAL_NULL_CONVERSION = YES;
				CLANG_WARN_OBJC_IMPLICIT_RETAIN_SELF = YES;
				CLANG_WARN_OBJC_LITERAL_CONVERSION = YES;
				CLANG_WARN_OBJC_ROOT_CLASS = YES_ERROR;
				CLANG_WARN_RANGE_LOOP_ANALYSIS = YES;
				CLANG_WARN_STRICT_PROTOTYPES = YES;
				CLANG_WARN_SUSPICIOUS_MOVE = YES;
				CLANG_WARN_UNGUARDED_AVAILABILITY = YES_AGGRESSIVE;
				CLANG_WARN_UNREACHABLE_CODE = YES;
				CLANG_WARN__DUPLICATE_METHOD_MATCH = YES;
				CODE_SIGN_IDENTITY = "iPhone Developer";
				COPY_PHASE_STRIP = NO;
				DEBUG_INFORMATION_FORMAT = dwarf;
				ENABLE_STRICT_OBJC_MSGSEND = YES;
				ENABLE_TESTABILITY = YES;
				GCC_C_LANGUAGE_STANDARD = gnu11;
				GCC_DYNAMIC_NO_PIC = NO;
				GCC_NO_COMMON_BLOCKS = YES;
				GCC_OPTIMIZATION_LEVEL = 0;
				GCC_PREPROCESSOR_DEFINITIONS = (
					"DEBUG=1",
					"$(inherited)",
				);
				GCC_WARN_64_TO_32_BIT_CONVERSION = YES;
				GCC_WARN_ABOUT_RETURN_TYPE = YES_ERROR;
				GCC_WARN_UNDECLARED_SELECTOR = YES;
				GCC_WARN_UNINITIALIZED_AUTOS = YES_AGGRESSIVE;
				GCC_WARN_UNUSED_FUNCTION = YES;
				GCC_WARN_UNUSED_VARIABLE = YES;
				IPHONEOS_DEPLOYMENT_TARGET = 12.1;
				MTL_ENABLE_DEBUG_INFO = INCLUDE_SOURCE;
				MTL_FAST_MATH = YES;
				ONLY_ACTIVE_ARCH = YES;
				SDKROOT = iphoneos;
				SWIFT_ACTIVE_COMPILATION_CONDITIONS = DEBUG;
				SWIFT_OPTIMIZATION_LEVEL = "-Onone";
			};
			name = Debug;
		};
		FA57AD27221052D400D53F69 /* Release */ = {
			isa = XCBuildConfiguration;
			buildSettings = {
				ALWAYS_SEARCH_USER_PATHS = NO;
				CLANG_ANALYZER_NONNULL = YES;
				CLANG_ANALYZER_NUMBER_OBJECT_CONVERSION = YES_AGGRESSIVE;
				CLANG_CXX_LANGUAGE_STANDARD = "gnu++14";
				CLANG_CXX_LIBRARY = "libc++";
				CLANG_ENABLE_MODULES = YES;
				CLANG_ENABLE_OBJC_ARC = YES;
				CLANG_ENABLE_OBJC_WEAK = YES;
				CLANG_WARN_BLOCK_CAPTURE_AUTORELEASING = YES;
				CLANG_WARN_BOOL_CONVERSION = YES;
				CLANG_WARN_COMMA = YES;
				CLANG_WARN_CONSTANT_CONVERSION = YES;
				CLANG_WARN_DEPRECATED_OBJC_IMPLEMENTATIONS = YES;
				CLANG_WARN_DIRECT_OBJC_ISA_USAGE = YES_ERROR;
				CLANG_WARN_DOCUMENTATION_COMMENTS = YES;
				CLANG_WARN_EMPTY_BODY = YES;
				CLANG_WARN_ENUM_CONVERSION = YES;
				CLANG_WARN_INFINITE_RECURSION = YES;
				CLANG_WARN_INT_CONVERSION = YES;
				CLANG_WARN_NON_LITERAL_NULL_CONVERSION = YES;
				CLANG_WARN_OBJC_IMPLICIT_RETAIN_SELF = YES;
				CLANG_WARN_OBJC_LITERAL_CONVERSION = YES;
				CLANG_WARN_OBJC_ROOT_CLASS = YES_ERROR;
				CLANG_WARN_RANGE_LOOP_ANALYSIS = YES;
				CLANG_WARN_STRICT_PROTOTYPES = YES;
				CLANG_WARN_SUSPICIOUS_MOVE = YES;
				CLANG_WARN_UNGUARDED_AVAILABILITY = YES_AGGRESSIVE;
				CLANG_WARN_UNREACHABLE_CODE = YES;
				CLANG_WARN__DUPLICATE_METHOD_MATCH = YES;
				CODE_SIGN_IDENTITY = "iPhone Developer";
				COPY_PHASE_STRIP = NO;
				DEBUG_INFORMATION_FORMAT = "dwarf-with-dsym";
				ENABLE_NS_ASSERTIONS = NO;
				ENABLE_STRICT_OBJC_MSGSEND = YES;
				GCC_C_LANGUAGE_STANDARD = gnu11;
				GCC_NO_COMMON_BLOCKS = YES;
				GCC_WARN_64_TO_32_BIT_CONVERSION = YES;
				GCC_WARN_ABOUT_RETURN_TYPE = YES_ERROR;
				GCC_WARN_UNDECLARED_SELECTOR = YES;
				GCC_WARN_UNINITIALIZED_AUTOS = YES_AGGRESSIVE;
				GCC_WARN_UNUSED_FUNCTION = YES;
				GCC_WARN_UNUSED_VARIABLE = YES;
				IPHONEOS_DEPLOYMENT_TARGET = 12.1;
				MTL_ENABLE_DEBUG_INFO = NO;
				MTL_FAST_MATH = YES;
				SDKROOT = iphoneos;
				SWIFT_COMPILATION_MODE = wholemodule;
				SWIFT_OPTIMIZATION_LEVEL = "-O";
				VALIDATE_PRODUCT = YES;
			};
			name = Release;
		};
		FA57AD29221052D400D53F69 /* Debug */ = {
			isa = XCBuildConfiguration;
			baseConfigurationReference = C2C0DDD3007E3C8BF53EC134 /* Pods-versi-app-devlops.debug.xcconfig */;
			buildSettings = {
				ASSETCATALOG_COMPILER_APPICON_NAME = AppIcon;
				CODE_SIGN_STYLE = Automatic;
				DEVELOPMENT_TEAM = 99J6CKC79H;
				INFOPLIST_FILE = "versi-app-devlops/Info.plist";
				LD_RUNPATH_SEARCH_PATHS = (
					"$(inherited)",
					"@executable_path/Frameworks",
				);
				PRODUCT_BUNDLE_IDENTIFIER = "com.mobilepowered.versi-app-devlops";
				PRODUCT_NAME = "$(TARGET_NAME)";
				SWIFT_VERSION = 4.2;
				TARGETED_DEVICE_FAMILY = "1,2";
			};
			name = Debug;
		};
		FA57AD2A221052D400D53F69 /* Release */ = {
			isa = XCBuildConfiguration;
			baseConfigurationReference = BE3B866E84A7F64CA779F412 /* Pods-versi-app-devlops.release.xcconfig */;
			buildSettings = {
				ASSETCATALOG_COMPILER_APPICON_NAME = AppIcon;
				CODE_SIGN_STYLE = Automatic;
				DEVELOPMENT_TEAM = 99J6CKC79H;
				INFOPLIST_FILE = "versi-app-devlops/Info.plist";
				LD_RUNPATH_SEARCH_PATHS = (
					"$(inherited)",
					"@executable_path/Frameworks",
				);
				PRODUCT_BUNDLE_IDENTIFIER = "com.mobilepowered.versi-app-devlops";
				PRODUCT_NAME = "$(TARGET_NAME)";
				SWIFT_VERSION = 4.2;
				TARGETED_DEVICE_FAMILY = "1,2";
			};
			name = Release;
		};
/* End XCBuildConfiguration section */

/* Begin XCConfigurationList section */
		FA57AD11221052D300D53F69 /* Build configuration list for PBXProject "versi-app-devlops" */ = {
			isa = XCConfigurationList;
			buildConfigurations = (
				FA57AD26221052D400D53F69 /* Debug */,
				FA57AD27221052D400D53F69 /* Release */,
			);
			defaultConfigurationIsVisible = 0;
			defaultConfigurationName = Release;
		};
		FA57AD28221052D400D53F69 /* Build configuration list for PBXNativeTarget "versi-app-devlops" */ = {
			isa = XCConfigurationList;
			buildConfigurations = (
				FA57AD29221052D400D53F69 /* Debug */,
				FA57AD2A221052D400D53F69 /* Release */,
			);
			defaultConfigurationIsVisible = 0;
			defaultConfigurationName = Release;
		};
/* End XCConfigurationList section */
	};
	rootObject = FA57AD0E221052D300D53F69 /* Project object */;
}
